
Microsoft Visual Studio Solution File, Format Version 12.00
# Visual Studio Version 16
VisualStudioVersion = 16.0.31129.286
MinimumVisualStudioVersion = 10.0.40219.1
Project("{FAE04EC0-301F-11D3-BF4B-00C04F79EFBC}") = "NUnit3", "NUnit3\NUnit3.csproj", "{B420A31A-4F10-4ECD-99D4-7978F2D1AE95}"
EndProject
Global
	GlobalSection(SolutionConfigurationPlatforms) = preSolution
		Debug|Any CPU = Debug|Any CPU
		Release|Any CPU = Release|Any CPU
	EndGlobalSection
	GlobalSection(ProjectConfigurationPlatforms) = postSolution
		{B420A31A-4F10-4ECD-99D4-7978F2D1AE95}.Debug|Any CPU.ActiveCfg = Debug|Any CPU
		{B420A31A-4F10-4ECD-99D4-7978F2D1AE95}.Debug|Any CPU.Build.0 = Debug|Any CPU
		{B420A31A-4F10-4ECD-99D4-7978F2D1AE95}.Release|Any CPU.ActiveCfg = Release|Any CPU
		{B420A31A-4F10-4ECD-99D4-7978F2D1AE95}.Release|Any CPU.Build.0 = Release|Any CPU
	EndGlobalSection
	GlobalSection(SolutionProperties) = preSolution
		HideSolutionNode = FALSE
	EndGlobalSection
	GlobalSection(ExtensibilityGlobals) = postSolution
		SolutionGuid = {C7B2F353-D72B-4F01-BEE1-3734D36B1F9F}
	EndGlobalSection
EndGlobal
